
Microsoft Visual Studio Solution File, Format Version 12.00
# Visual Studio Version 16
VisualStudioVersion = 16.0.31205.134
MinimumVisualStudioVersion = 10.0.40219.1
Project("{FAE04EC0-301F-11D3-BF4B-00C04F79EFBC}") = "FxMind_MatrixTrace", "FxMind_MatrixTrace\FxMind_MatrixTrace.csproj", "{6B583014-7B16-4D8A-8D18-1CFFEE12655F}"
EndProject
Project("{FAE04EC0-301F-11D3-BF4B-00C04F79EFBC}") = "FxMind_MatrixTraceTest", "MatrixTraceProject\FxMind_MatrixTraceTest.csproj", "{E187DE29-FDBD-408B-9F94-0FBA922B805F}"
EndProject
Global
	GlobalSection(SolutionConfigurationPlatforms) = preSolution
		Debug|Any CPU = Debug|Any CPU
		Release|Any CPU = Release|Any CPU
	EndGlobalSection
	GlobalSection(ProjectConfigurationPlatforms) = postSolution
		{6B583014-7B16-4D8A-8D18-1CFFEE12655F}.Debug|Any CPU.ActiveCfg = Debug|Any CPU
		{6B583014-7B16-4D8A-8D18-1CFFEE12655F}.Debug|Any CPU.Build.0 = Debug|Any CPU
		{6B583014-7B16-4D8A-8D18-1CFFEE12655F}.Release|Any CPU.ActiveCfg = Release|Any CPU
		{6B583014-7B16-4D8A-8D18-1CFFEE12655F}.Release|Any CPU.Build.0 = Release|Any CPU
		{E187DE29-FDBD-408B-9F94-0FBA922B805F}.Debug|Any CPU.ActiveCfg = Debug|Any CPU
		{E187DE29-FDBD-408B-9F94-0FBA922B805F}.Debug|Any CPU.Build.0 = Debug|Any CPU
		{E187DE29-FDBD-408B-9F94-0FBA922B805F}.Release|Any CPU.ActiveCfg = Release|Any CPU
		{E187DE29-FDBD-408B-9F94-0FBA922B805F}.Release|Any CPU.Build.0 = Release|Any CPU
	EndGlobalSection
	GlobalSection(SolutionProperties) = preSolution
		HideSolutionNode = FALSE
	EndGlobalSection
	GlobalSection(ExtensibilityGlobals) = postSolution
		SolutionGuid = {5125E160-CDC1-48CB-BCA8-41F8381EC2B9}
	EndGlobalSection
EndGlobal
